FORGE
  remote: https://forgeapi.puppetlabs.com
  specs:
    crayfishx-firewalld (2.2.0)
      puppetlabs-stdlib (< 5.0.0, >= 4.2.0)
    puppetlabs-stdlib (4.12.0)
    stahnma-epel (1.2.2)
      puppetlabs-stdlib (>= 3.0.0)

GIT
  remote: https://github.com/EuPathDB/puppet-ebrc_yum_repo.git
  ref: master
  sha: 2e75a0de6b7e4da022a1a4de7ee5306b5fcc0a4d
  specs:
    ebrc-ebrc_yum_repo (0.1.0)
      puppetlabs-stdlib (>= 1.0.0)

GIT
  remote: https://github.com/EuPathDB/puppet-globus_connect_server.git
  ref: master
  sha: a557c97cfb1724b43fd74b9b57382232d3bc706f
  specs:
    ebrc-globus_connect_server (0.1.0)
      puppetlabs-stdlib (>= 1.0.0)

PATH
  remote: ./src/profiles
  specs:
    local-profiles (0.0.0)
      crayfishx-firewalld (>= 0)
      ebrc-ebrc_yum_repo (>= 0)

PATH
  remote: ./src/roles
  specs:
    local-roles (0.0.1)

DEPENDENCIES
  crayfishx-firewalld (>= 0)
  ebrc-ebrc_yum_repo (>= 0)
  ebrc-globus_connect_server (>= 0)
  local-profiles (>= 0)
  local-roles (>= 0)
  puppetlabs-stdlib (>= 0)
  stahnma-epel (>= 0)

